{
  "originHash" : "710ce5689bdd733118d068d98bf75f8efea95f843fb95ce6a9bf2582fb8f7173",
  "pins" : [
    {
      "identity" : "defaults",
      "kind" : "remoteSourceControl",
      "location" : "https://github.com/sindresorhus/Defaults.git",
      "state" : {
        "revision" : "00a7465a0668a87fa159e779b9d80f1f9652357e",
        "version" : "9.0.9"
      }
    },
    {
      "identity" : "drawkit",
      "kind" : "remoteSourceControl",
      "location" : "https://github.com/AryanRogye/DrawKit",
      "state" : {
        "branch" : "main",
        "revision" : "9efc142f1cc3102f2e15d5a0afa682d25d4b8730"
      }
    },
    {
      "identity" : "keyboardshortcuts",
      "kind" : "remoteSourceControl",
      "location" : "https://github.com/sindresorhus/KeyboardShortcuts",
      "state" : {
        "revision" : "49c3fc04ea827f816df67843bfcc57286b47ff06",
        "version" : "3.0.1"
      }
    },
    {
      "identity" : "localshortcuts",
      "kind" : "remoteSourceControl",
      "location" : "https://github.com/AryanRogye/LocalShortcuts.git",
      "state" : {
        "branch" : "main",
        "revision" : "beb804bd3a54a711778d62487d6d7c2dd26b4d41"
      }
    },
    {
      "identity" : "snapcore",
      "kind" : "remoteSourceControl",
      "location" : "https://github.com/AryanRogye/SnapCore",
      "state" : {
        "branch" : "main",
        "revision" : "97f51f3e5a865ddd5fe7bbfc68da61b20786a680"
      }
    },
    {
      "identity" : "sparkle",
      "kind" : "remoteSourceControl",
      "location" : "https://github.com/sparkle-project/Sparkle",
      "state" : {
        "revision" : "b6496a74a087257ef5e6da1c5b29a447a60f5bd7",
        "version" : "2.9.4"
      }
    },
    {
      "identity" : "swift-collections",
      "kind" : "remoteSourceControl",
      "location" : "https://github.com/apple/swift-collections.git",
      "state" : {
        "revision" : "a0cb0954ecb21e4e31b0070e6ed5674e8556685a",
        "version" : "1.6.0"
      }
    },
    {
      "identity" : "swift-syntax",
      "kind" : "remoteSourceControl",
      "location" : "https://github.com/swiftlang/swift-syntax",
      "state" : {
        "revision" : "79e4b74a295b6eb74a8b585e3a39d29e70c1dbd1",
        "version" : "603.0.2"
      }
    }
  ],
  "version" : 3
}
