// !$*UTF8*$!
{
	archiveVersion = 1;
	classes = {
	};
	objectVersion = 90;
	objects = {

/* Begin PBXBuildFile section */
		9B4B703F302A7C92008101B9 /* Assets.xcassets in Resources */ = {isa = PBXBuildFile; fileRef = 9B4B703D302A7C92008101B9 /* Assets.xcassets */; };
		9B4B7040302A7C92008101B9 /* AppCoordinator.swift in Sources */ = {isa = PBXBuildFile; fileRef = 9B4B6FF9302A7C92008101B9 /* AppCoordinator.swift */; };
		9B4B7041302A7C92008101B9 /* AppDelegate.swift in Sources */ = {isa = PBXBuildFile; fileRef = 9B4B6FFA302A7C92008101B9 /* AppDelegate.swift */; };
		9B4B7042302A7C92008101B9 /* ComfyShotApp.swift in Sources */ = {isa = PBXBuildFile; fileRef = 9B4B6FFB302A7C92008101B9 /* ComfyShotApp.swift */; };
		9B4B7043302A7C92008101B9 /* HotKeyCoordinator.swift in Sources */ = {isa = PBXBuildFile; fileRef = 9B4B6FFD302A7C92008101B9 /* HotKeyCoordinator.swift */; };
		9B4B7044302A7C92008101B9 /* MenuBarCoordinator.swift in Sources */ = {isa = PBXBuildFile; fileRef = 9B4B6FFE302A7C92008101B9 /* MenuBarCoordinator.swift */; };
		9B4B7045302A7C92008101B9 /* PermissionCoordinator.swift in Sources */ = {isa = PBXBuildFile; fileRef = 9B4B6FFF302A7C92008101B9 /* PermissionCoordinator.swift */; };
		9B4B7046302A7C92008101B9 /* SettingsCoordinator.swift in Sources */ = {isa = PBXBuildFile; fileRef = 9B4B7000302A7C92008101B9 /* SettingsCoordinator.swift */; };
		9B4B7047302A7C92008101B9 /* WindowCoordinator.swift in Sources */ = {isa = PBXBuildFile; fileRef = 9B4B7001302A7C92008101B9 /* WindowCoordinator.swift */; };
		9B4B7048302A7C92008101B9 /* Bundle.swift in Sources */ = {isa = PBXBuildFile; fileRef = 9B4B7003302A7C92008101B9 /* Bundle.swift */; };
		9B4B7049302A7C92008101B9 /* Color+opposite.swift in Sources */ = {isa = PBXBuildFile; fileRef = 9B4B7004302A7C92008101B9 /* Color+opposite.swift */; };
		9B4B704A302A7C92008101B9 /* FocusablePanel.swift in Sources */ = {isa = PBXBuildFile; fileRef = 9B4B7005302A7C92008101B9 /* FocusablePanel.swift */; };
		9B4B704B302A7C92008101B9 /* NSColor+toSIMD.swift in Sources */ = {isa = PBXBuildFile; fileRef = 9B4B7006302A7C92008101B9 /* NSColor+toSIMD.swift */; };
		9B4B704C302A7C92008101B9 /* NSRect+axPosition.swift in Sources */ = {isa = PBXBuildFile; fileRef = 9B4B7007302A7C92008101B9 /* NSRect+axPosition.swift */; };
		9B4B704D302A7C92008101B9 /* NSScreen+displayID.swift in Sources */ = {isa = PBXBuildFile; fileRef = 9B4B7008302A7C92008101B9 /* NSScreen+displayID.swift */; };
		9B4B704E302A7C92008101B9 /* ProcessInfo+isSwiftUIPreview.swift in Sources */ = {isa = PBXBuildFile; fileRef = 9B4B7009302A7C92008101B9 /* ProcessInfo+isSwiftUIPreview.swift */; };
		9B4B704F302A7C92008101B9 /* View+destroyViewWindow.swift in Sources */ = {isa = PBXBuildFile; fileRef = 9B4B700A302A7C92008101B9 /* View+destroyViewWindow.swift */; };
		9B4B7050302A7C92008101B9 /* View+if.swift in Sources */ = {isa = PBXBuildFile; fileRef = 9B4B700B302A7C92008101B9 /* View+if.swift */; };
		9B4B7051302A7C92008101B9 /* CaptureAreaModel.swift in Sources */ = {isa = PBXBuildFile; fileRef = 9B4B700D302A7C92008101B9 /* CaptureAreaModel.swift */; };
		9B4B7052302A7C92008101B9 /* CaptureResizeEdge.swift in Sources */ = {isa = PBXBuildFile; fileRef = 9B4B700E302A7C92008101B9 /* CaptureResizeEdge.swift */; };
		9B4B7053302A7C92008101B9 /* OverlayContext.swift in Sources */ = {isa = PBXBuildFile; fileRef = 9B4B700F302A7C92008101B9 /* OverlayContext.swift */; };
		9B4B7054302A7C92008101B9 /* ScrollingCaptureFailure.swift in Sources */ = {isa = PBXBuildFile; fileRef = 9B4B7010302A7C92008101B9 /* ScrollingCaptureFailure.swift */; };
		9B4B7055302A7C92008101B9 /* ScrollingCaptureModels.swift in Sources */ = {isa = PBXBuildFile; fileRef = 9B4B7011302A7C92008101B9 /* ScrollingCaptureModels.swift */; };
		9B4B7056302A7C92008101B9 /* AXUIElement+ScrollingCapture.swift in Sources */ = {isa = PBXBuildFile; fileRef = 9B4B7013302A7C92008101B9 /* AXUIElement+ScrollingCapture.swift */; };
		9B4B7057302A7C92008101B9 /* ScrollingCaptureDiscoverer.swift in Sources */ = {isa = PBXBuildFile; fileRef = 9B4B7014302A7C92008101B9 /* ScrollingCaptureDiscoverer.swift */; };
		9B4B7058302A7C92008101B9 /* ScrollingCaptureService.swift in Sources */ = {isa = PBXBuildFile; fileRef = 9B4B7015302A7C92008101B9 /* ScrollingCaptureService.swift */; };
		9B4B7059302A7C92008101B9 /* ScrollingCaptureStitcher.swift in Sources */ = {isa = PBXBuildFile; fileRef = 9B4B7016302A7C92008101B9 /* ScrollingCaptureStitcher.swift */; };
		9B4B705A302A7C92008101B9 /* SelectionOverlay.swift in Sources */ = {isa = PBXBuildFile; fileRef = 9B4B7018302A7C92008101B9 /* SelectionOverlay.swift */; };
		9B4B705B302A7C92008101B9 /* SelectionRect.swift in Sources */ = {isa = PBXBuildFile; fileRef = 9B4B7019302A7C92008101B9 /* SelectionRect.swift */; };
		9B4B705C302A7C92008101B9 /* AppleScreenshotInputBridge.swift in Sources */ = {isa = PBXBuildFile; fileRef = 9B4B701B302A7C92008101B9 /* AppleScreenshotInputBridge.swift */; };
		9B4B705D302A7C92008101B9 /* CaptureAreaCoordinator.swift in Sources */ = {isa = PBXBuildFile; fileRef = 9B4B701C302A7C92008101B9 /* CaptureAreaCoordinator.swift */; };
		9B4B705E302A7C92008101B9 /* PermissionService.swift in Sources */ = {isa = PBXBuildFile; fileRef = 9B4B701E302A7C92008101B9 /* PermissionService.swift */; };
		9B4B705F302A7C92008101B9 /* PermissionView.swift in Sources */ = {isa = PBXBuildFile; fileRef = 9B4B701F302A7C92008101B9 /* PermissionView.swift */; };
		9B4B7060302A7C92008101B9 /* DefaultKeys.swift in Sources */ = {isa = PBXBuildFile; fileRef = 9B4B7022302A7C92008101B9 /* DefaultKeys.swift */; };
		9B4B7061302A7C92008101B9 /* DefaultsManager.swift in Sources */ = {isa = PBXBuildFile; fileRef = 9B4B7023302A7C92008101B9 /* DefaultsManager.swift */; };
		9B4B7062302A7C92008101B9 /* SettingsView.swift in Sources */ = {isa = PBXBuildFile; fileRef = 9B4B7025302A7C92008101B9 /* SettingsView.swift */; };
		9B4B7063302A7C92008101B9 /* DisplayIdentity.swift in Sources */ = {isa = PBXBuildFile; fileRef = 9B4B7028302A7C92008101B9 /* DisplayIdentity.swift */; };
		9B4B7064302A7C92008101B9 /* DisplayImageStackModel.swift in Sources */ = {isa = PBXBuildFile; fileRef = 9B4B7029302A7C92008101B9 /* DisplayImageStackModel.swift */; };
		9B4B7065302A7C92008101B9 /* ImageStackPadding.swift in Sources */ = {isa = PBXBuildFile; fileRef = 9B4B702A302A7C92008101B9 /* ImageStackPadding.swift */; };
		9B4B7066302A7C92008101B9 /* ImageStackPlacement.swift in Sources */ = {isa = PBXBuildFile; fileRef = 9B4B702B302A7C92008101B9 /* ImageStackPlacement.swift */; };
		9B4B7067302A7C92008101B9 /* UserImage.swift in Sources */ = {isa = PBXBuildFile; fileRef = 9B4B702C302A7C92008101B9 /* UserImage.swift */; };
		9B4B7068302A7C92008101B9 /* AppKitOverflowGallery.swift in Sources */ = {isa = PBXBuildFile; fileRef = 9B4B702E302A7C92008101B9 /* AppKitOverflowGallery.swift */; };
		9B4B7069302A7C92008101B9 /* ImageContainer.swift in Sources */ = {isa = PBXBuildFile; fileRef = 9B4B702F302A7C92008101B9 /* ImageContainer.swift */; };
		9B4B706A302A7C92008101B9 /* ImageStackView.swift in Sources */ = {isa = PBXBuildFile; fileRef = 9B4B7030302A7C92008101B9 /* ImageStackView.swift */; };
		9B4B706B302A7C92008101B9 /* OverflowSection.swift in Sources */ = {isa = PBXBuildFile; fileRef = 9B4B7031302A7C92008101B9 /* OverflowSection.swift */; };
		9B4B706C302A7C92008101B9 /* UserImageView.swift in Sources */ = {isa = PBXBuildFile; fileRef = 9B4B7032302A7C92008101B9 /* UserImageView.swift */; };
		9B4B706D302A7C92008101B9 /* DisplayImageStack.swift in Sources */ = {isa = PBXBuildFile; fileRef = 9B4B7034302A7C92008101B9 /* DisplayImageStack.swift */; };
		9B4B706E302A7C92008101B9 /* UserImageCoordinator.swift in Sources */ = {isa = PBXBuildFile; fileRef = 9B4B7035302A7C92008101B9 /* UserImageCoordinator.swift */; };
		9B4B706F302A7C92008101B9 /* AlertMaker.swift in Sources */ = {isa = PBXBuildFile; fileRef = 9B4B7038302A7C92008101B9 /* AlertMaker.swift */; };
		9B4B7070302A7C92008101B9 /* CaptureInputInterceptor.swift in Sources */ = {isa = PBXBuildFile; fileRef = 9B4B7039302A7C92008101B9 /* CaptureInputInterceptor.swift */; };
		9B4B7071302A7C92008101B9 /* CursorHostingView.swift in Sources */ = {isa = PBXBuildFile; fileRef = 9B4B703A302A7C92008101B9 /* CursorHostingView.swift */; };
		9B4B7072302A7C92008101B9 /* ScreenHelpers.swift in Sources */ = {isa = PBXBuildFile; fileRef = 9B4B703B302A7C92008101B9 /* ScreenHelpers.swift */; };
		9B965CE5302A8544003000F0 /* Sparkle in Frameworks */ = {isa = PBXBuildFile; productRef = 9B965CE4302A8544003000F0 /* Sparkle */; };
		9B965D42302A87A0003000F0 /* UpdaterViewModel.swift in Sources */ = {isa = PBXBuildFile; fileRef = 9B965D41302A87A0003000F0 /* UpdaterViewModel.swift */; };
		9B965D44302A87AD003000F0 /* UpdateUserDriver.swift in Sources */ = {isa = PBXBuildFile; fileRef = 9B965D43302A87AD003000F0 /* UpdateUserDriver.swift */; };
		9B965D46302A87B6003000F0 /* UpdateController.swift in Sources */ = {isa = PBXBuildFile; fileRef = 9B965D45302A87B6003000F0 /* UpdateController.swift */; };
		9BD9DA392FF463950057344F /* SnapCore in Frameworks */ = {isa = PBXBuildFile; productRef = 9BD9DA382FF463950057344F /* SnapCore */; };
		9BD9DA6D2FF46E210057344F /* KeyboardShortcuts in Frameworks */ = {isa = PBXBuildFile; productRef = 9BD9DA6C2FF46E210057344F /* KeyboardShortcuts */; };
		9BD9DAC22FF4E8FC0057344F /* Defaults in Frameworks */ = {isa = PBXBuildFile; productRef = 9BD9DAC12FF4E8FC0057344F /* Defaults */; };
		9BF12645302ABA1800449787 /* ComfyShot.icon in Resources */ = {isa = PBXBuildFile; fileRef = 9BF12644302ABA1800449787 /* ComfyShot.icon */; };
/* End PBXBuildFile section */

/* Begin PBXFileReference section */
		000000000000000000000120 /* ComfyShot.app */ = {isa = PBXFileReference; explicitFileType = wrapper.application; includeInIndex = 0; path = ComfyShot.app; sourceTree = BUILT_PRODUCTS_DIR; };
		9B4B6FF9302A7C92008101B9 /* AppCoordinator.swift */ = {isa = PBXFileReference; lastKnownFileType = sourcecode.swift; path = AppCoordinator.swift; sourceTree = "<group>"; };
		9B4B6FFA302A7C92008101B9 /* AppDelegate.swift */ = {isa = PBXFileReference; lastKnownFileType = sourcecode.swift; path = AppDelegate.swift; sourceTree = "<group>"; };
		9B4B6FFB302A7C92008101B9 /* ComfyShotApp.swift */ = {isa = PBXFileReference; lastKnownFileType = sourcecode.swift; path = ComfyShotApp.swift; sourceTree = "<group>"; };
		9B4B6FFD302A7C92008101B9 /* HotKeyCoordinator.swift */ = {isa = PBXFileReference; lastKnownFileType = sourcecode.swift; path = HotKeyCoordinator.swift; sourceTree = "<group>"; };
		9B4B6FFE302A7C92008101B9 /* MenuBarCoordinator.swift */ = {isa = PBXFileReference; lastKnownFileType = sourcecode.swift; path = MenuBarCoordinator.swift; sourceTree = "<group>"; };
		9B4B6FFF302A7C92008101B9 /* PermissionCoordinator.swift */ = {isa = PBXFileReference; lastKnownFileType = sourcecode.swift; path = PermissionCoordinator.swift; sourceTree = "<group>"; };
		9B4B7000302A7C92008101B9 /* SettingsCoordinator.swift */ = {isa = PBXFileReference; lastKnownFileType = sourcecode.swift; path = SettingsCoordinator.swift; sourceTree = "<group>"; };
		9B4B7001302A7C92008101B9 /* WindowCoordinator.swift */ = {isa = PBXFileReference; lastKnownFileType = sourcecode.swift; path = WindowCoordinator.swift; sourceTree = "<group>"; };
		9B4B7003302A7C92008101B9 /* Bundle.swift */ = {isa = PBXFileReference; lastKnownFileType = sourcecode.swift; path = Bundle.swift; sourceTree = "<group>"; };
		9B4B7004302A7C92008101B9 /* Color+opposite.swift */ = {isa = PBXFileReference; lastKnownFileType = sourcecode.swift; path = "Color+opposite.swift"; sourceTree = "<group>"; };
		9B4B7005302A7C92008101B9 /* FocusablePanel.swift */ = {isa = PBXFileReference; lastKnownFileType = sourcecode.swift; path = FocusablePanel.swift; sourceTree = "<group>"; };
		9B4B7006302A7C92008101B9 /* NSColor+toSIMD.swift */ = {isa = PBXFileReference; lastKnownFileType = sourcecode.swift; path = "NSColor+toSIMD.swift"; sourceTree = "<group>"; };
		9B4B7007302A7C92008101B9 /* NSRect+axPosition.swift */ = {isa = PBXFileReference; lastKnownFileType = sourcecode.swift; path = "NSRect+axPosition.swift"; sourceTree = "<group>"; };
		9B4B7008302A7C92008101B9 /* NSScreen+displayID.swift */ = {isa = PBXFileReference; lastKnownFileType = sourcecode.swift; path = "NSScreen+displayID.swift"; sourceTree = "<group>"; };
		9B4B7009302A7C92008101B9 /* ProcessInfo+isSwiftUIPreview.swift */ = {isa = PBXFileReference; lastKnownFileType = sourcecode.swift; path = "ProcessInfo+isSwiftUIPreview.swift"; sourceTree = "<group>"; };
		9B4B700A302A7C92008101B9 /* View+destroyViewWindow.swift */ = {isa = PBXFileReference; lastKnownFileType = sourcecode.swift; path = "View+destroyViewWindow.swift"; sourceTree = "<group>"; };
		9B4B700B302A7C92008101B9 /* View+if.swift */ = {isa = PBXFileReference; lastKnownFileType = sourcecode.swift; path = "View+if.swift"; sourceTree = "<group>"; };
		9B4B700D302A7C92008101B9 /* CaptureAreaModel.swift */ = {isa = PBXFileReference; lastKnownFileType = sourcecode.swift; path = CaptureAreaModel.swift; sourceTree = "<group>"; };
		9B4B700E302A7C92008101B9 /* CaptureResizeEdge.swift */ = {isa = PBXFileReference; lastKnownFileType = sourcecode.swift; path = CaptureResizeEdge.swift; sourceTree = "<group>"; };
		9B4B700F302A7C92008101B9 /* OverlayContext.swift */ = {isa = PBXFileReference; lastKnownFileType = sourcecode.swift; path = OverlayContext.swift; sourceTree = "<group>"; };
		9B4B7010302A7C92008101B9 /* ScrollingCaptureFailure.swift */ = {isa = PBXFileReference; lastKnownFileType = sourcecode.swift; path = ScrollingCaptureFailure.swift; sourceTree = "<group>"; };
		9B4B7011302A7C92008101B9 /* ScrollingCaptureModels.swift */ = {isa = PBXFileReference; lastKnownFileType = sourcecode.swift; path = ScrollingCaptureModels.swift; sourceTree = "<group>"; };
		9B4B7013302A7C92008101B9 /* AXUIElement+ScrollingCapture.swift */ = {isa = PBXFileReference; lastKnownFileType = sourcecode.swift; path = "AXUIElement+ScrollingCapture.swift"; sourceTree = "<group>"; };
		9B4B7014302A7C92008101B9 /* ScrollingCaptureDiscoverer.swift */ = {isa = PBXFileReference; lastKnownFileType = sourcecode.swift; path = ScrollingCaptureDiscoverer.swift; sourceTree = "<group>"; };
		9B4B7015302A7C92008101B9 /* ScrollingCaptureService.swift */ = {isa = PBXFileReference; lastKnownFileType = sourcecode.swift; path = ScrollingCaptureService.swift; sourceTree = "<group>"; };
		9B4B7016302A7C92008101B9 /* ScrollingCaptureStitcher.swift */ = {isa = PBXFileReference; lastKnownFileType = sourcecode.swift; path = ScrollingCaptureStitcher.swift; sourceTree = "<group>"; };
		9B4B7018302A7C92008101B9 /* SelectionOverlay.swift */ = {isa = PBXFileReference; lastKnownFileType = sourcecode.swift; path = SelectionOverlay.swift; sourceTree = "<group>"; };
		9B4B7019302A7C92008101B9 /* SelectionRect.swift */ = {isa = PBXFileReference; lastKnownFileType = sourcecode.swift; path = SelectionRect.swift; sourceTree = "<group>"; };
		9B4B701B302A7C92008101B9 /* AppleScreenshotInputBridge.swift */ = {isa = PBXFileReference; lastKnownFileType = sourcecode.swift; path = AppleScreenshotInputBridge.swift; sourceTree = "<group>"; };
		9B4B701C302A7C92008101B9 /* CaptureAreaCoordinator.swift */ = {isa = PBXFileReference; lastKnownFileType = sourcecode.swift; path = CaptureAreaCoordinator.swift; sourceTree = "<group>"; };
		9B4B701E302A7C92008101B9 /* PermissionService.swift */ = {isa = PBXFileReference; lastKnownFileType = sourcecode.swift; path = PermissionService.swift; sourceTree = "<group>"; };
		9B4B701F302A7C92008101B9 /* PermissionView.swift */ = {isa = PBXFileReference; lastKnownFileType = sourcecode.swift; path = PermissionView.swift; sourceTree = "<group>"; };
		9B4B7022302A7C92008101B9 /* DefaultKeys.swift */ = {isa = PBXFileReference; lastKnownFileType = sourcecode.swift; path = DefaultKeys.swift; sourceTree = "<group>"; };
		9B4B7023302A7C92008101B9 /* DefaultsManager.swift */ = {isa = PBXFileReference; lastKnownFileType = sourcecode.swift; path = DefaultsManager.swift; sourceTree = "<group>"; };
		9B4B7025302A7C92008101B9 /* SettingsView.swift */ = {isa = PBXFileReference; lastKnownFileType = sourcecode.swift; path = SettingsView.swift; sourceTree = "<group>"; };
		9B4B7028302A7C92008101B9 /* DisplayIdentity.swift */ = {isa = PBXFileReference; lastKnownFileType = sourcecode.swift; path = DisplayIdentity.swift; sourceTree = "<group>"; };
		9B4B7029302A7C92008101B9 /* DisplayImageStackModel.swift */ = {isa = PBXFileReference; lastKnownFileType = sourcecode.swift; path = DisplayImageStackModel.swift; sourceTree = "<group>"; };
		9B4B702A302A7C92008101B9 /* ImageStackPadding.swift */ = {isa = PBXFileReference; lastKnownFileType = sourcecode.swift; path = ImageStackPadding.swift; sourceTree = "<group>"; };
		9B4B702B302A7C92008101B9 /* ImageStackPlacement.swift */ = {isa = PBXFileReference; lastKnownFileType = sourcecode.swift; path = ImageStackPlacement.swift; sourceTree = "<group>"; };
		9B4B702C302A7C92008101B9 /* UserImage.swift */ = {isa = PBXFileReference; lastKnownFileType = sourcecode.swift; path = UserImage.swift; sourceTree = "<group>"; };
		9B4B702E302A7C92008101B9 /* AppKitOverflowGallery.swift */ = {isa = PBXFileReference; lastKnownFileType = sourcecode.swift; path = AppKitOverflowGallery.swift; sourceTree = "<group>"; };
		9B4B702F302A7C92008101B9 /* ImageContainer.swift */ = {isa = PBXFileReference; lastKnownFileType = sourcecode.swift; path = ImageContainer.swift; sourceTree = "<group>"; };
		9B4B7030302A7C92008101B9 /* ImageStackView.swift */ = {isa = PBXFileReference; lastKnownFileType = sourcecode.swift; path = ImageStackView.swift; sourceTree = "<group>"; };
		9B4B7031302A7C92008101B9 /* OverflowSection.swift */ = {isa = PBXFileReference; lastKnownFileType = sourcecode.swift; path = OverflowSection.swift; sourceTree = "<group>"; };
		9B4B7032302A7C92008101B9 /* UserImageView.swift */ = {isa = PBXFileReference; lastKnownFileType = sourcecode.swift; path = UserImageView.swift; sourceTree = "<group>"; };
		9B4B7034302A7C92008101B9 /* DisplayImageStack.swift */ = {isa = PBXFileReference; lastKnownFileType = sourcecode.swift; path = DisplayImageStack.swift; sourceTree = "<group>"; };
		9B4B7035302A7C92008101B9 /* UserImageCoordinator.swift */ = {isa = PBXFileReference; lastKnownFileType = sourcecode.swift; path = UserImageCoordinator.swift; sourceTree = "<group>"; };
		9B4B7038302A7C92008101B9 /* AlertMaker.swift */ = {isa = PBXFileReference; lastKnownFileType = sourcecode.swift; path = AlertMaker.swift; sourceTree = "<group>"; };
		9B4B7039302A7C92008101B9 /* CaptureInputInterceptor.swift */ = {isa = PBXFileReference; lastKnownFileType = sourcecode.swift; path = CaptureInputInterceptor.swift; sourceTree = "<group>"; };
		9B4B703A302A7C92008101B9 /* CursorHostingView.swift */ = {isa = PBXFileReference; lastKnownFileType = sourcecode.swift; path = CursorHostingView.swift; sourceTree = "<group>"; };
		9B4B703B302A7C92008101B9 /* ScreenHelpers.swift */ = {isa = PBXFileReference; lastKnownFileType = sourcecode.swift; path = ScreenHelpers.swift; sourceTree = "<group>"; };
		9B4B703D302A7C92008101B9 /* Assets.xcassets */ = {isa = PBXFileReference; lastKnownFileType = folder.assetcatalog; path = Assets.xcassets; sourceTree = "<group>"; };
		9B965CE6302A85EA003000F0 /* Info.plist */ = {isa = PBXFileReference; lastKnownFileType = text.plist; path = Info.plist; sourceTree = "<group>"; };
		9B965D41302A87A0003000F0 /* UpdaterViewModel.swift */ = {isa = PBXFileReference; lastKnownFileType = sourcecode.swift; path = UpdaterViewModel.swift; sourceTree = "<group>"; };
		9B965D43302A87AD003000F0 /* UpdateUserDriver.swift */ = {isa = PBXFileReference; lastKnownFileType = sourcecode.swift; path = UpdateUserDriver.swift; sourceTree = "<group>"; };
		9B965D45302A87B6003000F0 /* UpdateController.swift */ = {isa = PBXFileReference; lastKnownFileType = sourcecode.swift; path = UpdateController.swift; sourceTree = "<group>"; };
		9BF12644302ABA1800449787 /* ComfyShot.icon */ = {isa = PBXFileReference; lastKnownFileType = folder.iconcomposer.icon; path = ComfyShot.icon; sourceTree = "<group>"; };
/* End PBXFileReference section */

/* Begin PBXFrameworksBuildPhase section */
		000000000000000130000000 /* Frameworks */ = {
			isa = PBXFrameworksBuildPhase;
			files = (
				9BD9DAC22FF4E8FC0057344F /* Defaults in Frameworks */,
				9B965CE5302A8544003000F0 /* Sparkle in Frameworks */,
				9BD9DA392FF463950057344F /* SnapCore in Frameworks */,
				9BD9DA6D2FF46E210057344F /* KeyboardShortcuts in Frameworks */,
			);
		};
/* End PBXFrameworksBuildPhase section */

/* Begin PBXGroup section */
		000000000000000000000001 = {
			isa = PBXGroup;
			children = (
				9B4B703E302A7C92008101B9 /* ComfyShot */,
				9BF12644302ABA1800449787 /* ComfyShot.icon */,
				000000000000000000000020 /* Products */,
			);
			sourceTree = "<group>";
		};
		000000000000000000000020 /* Products */ = {
			isa = PBXGroup;
			children = (
				000000000000000000000120 /* ComfyShot.app */,
			);
			name = Products;
			sourceTree = "<group>";
		};
		9B4B6FFC302A7C92008101B9 /* App */ = {
			isa = PBXGroup;
			children = (
				9B4B6FF9302A7C92008101B9 /* AppCoordinator.swift */,
				9B4B6FFA302A7C92008101B9 /* AppDelegate.swift */,
				9B4B6FFB302A7C92008101B9 /* ComfyShotApp.swift */,
			);
			path = App;
			sourceTree = "<group>";
		};
		9B4B7002302A7C92008101B9 /* Coordinators */ = {
			isa = PBXGroup;
			children = (
				9B4B6FFD302A7C92008101B9 /* HotKeyCoordinator.swift */,
				9B4B6FFE302A7C92008101B9 /* MenuBarCoordinator.swift */,
				9B4B6FFF302A7C92008101B9 /* PermissionCoordinator.swift */,
				9B4B7000302A7C92008101B9 /* SettingsCoordinator.swift */,
				9B4B7001302A7C92008101B9 /* WindowCoordinator.swift */,
			);
			path = Coordinators;
			sourceTree = "<group>";
		};
		9B4B700C302A7C92008101B9 /* Extensions */ = {
			isa = PBXGroup;
			children = (
				9B4B7003302A7C92008101B9 /* Bundle.swift */,
				9B4B7004302A7C92008101B9 /* Color+opposite.swift */,
				9B4B7005302A7C92008101B9 /* FocusablePanel.swift */,
				9B4B7006302A7C92008101B9 /* NSColor+toSIMD.swift */,
				9B4B7007302A7C92008101B9 /* NSRect+axPosition.swift */,
				9B4B7008302A7C92008101B9 /* NSScreen+displayID.swift */,
				9B4B7009302A7C92008101B9 /* ProcessInfo+isSwiftUIPreview.swift */,
				9B4B700A302A7C92008101B9 /* View+destroyViewWindow.swift */,
				9B4B700B302A7C92008101B9 /* View+if.swift */,
			);
			path = Extensions;
			sourceTree = "<group>";
		};
		9B4B7012302A7C92008101B9 /* Models */ = {
			isa = PBXGroup;
			children = (
				9B4B700D302A7C92008101B9 /* CaptureAreaModel.swift */,
				9B4B700E302A7C92008101B9 /* CaptureResizeEdge.swift */,
				9B4B700F302A7C92008101B9 /* OverlayContext.swift */,
				9B4B7010302A7C92008101B9 /* ScrollingCaptureFailure.swift */,
				9B4B7011302A7C92008101B9 /* ScrollingCaptureModels.swift */,
			);
			path = Models;
			sourceTree = "<group>";
		};
		9B4B7017302A7C92008101B9 /* Scrolling */ = {
			isa = PBXGroup;
			children = (
				9B4B7013302A7C92008101B9 /* AXUIElement+ScrollingCapture.swift */,
				9B4B7014302A7C92008101B9 /* ScrollingCaptureDiscoverer.swift */,
				9B4B7015302A7C92008101B9 /* ScrollingCaptureService.swift */,
				9B4B7016302A7C92008101B9 /* ScrollingCaptureStitcher.swift */,
			);
			path = Scrolling;
			sourceTree = "<group>";
		};
		9B4B701A302A7C92008101B9 /* Views */ = {
			isa = PBXGroup;
			children = (
				9B4B7018302A7C92008101B9 /* SelectionOverlay.swift */,
				9B4B7019302A7C92008101B9 /* SelectionRect.swift */,
			);
			path = Views;
			sourceTree = "<group>";
		};
		9B4B701D302A7C92008101B9 /* CaptureArea */ = {
			isa = PBXGroup;
			children = (
				9B4B7012302A7C92008101B9 /* Models */,
				9B4B7017302A7C92008101B9 /* Scrolling */,
				9B4B701A302A7C92008101B9 /* Views */,
				9B4B701B302A7C92008101B9 /* AppleScreenshotInputBridge.swift */,
				9B4B701C302A7C92008101B9 /* CaptureAreaCoordinator.swift */,
			);
			path = CaptureArea;
			sourceTree = "<group>";
		};
		9B4B7020302A7C92008101B9 /* Permission */ = {
			isa = PBXGroup;
			children = (
				9B4B701E302A7C92008101B9 /* PermissionService.swift */,
				9B4B701F302A7C92008101B9 /* PermissionView.swift */,
			);
			path = Permission;
			sourceTree = "<group>";
		};
		9B4B7021302A7C92008101B9 /* Common */ = {
			isa = PBXGroup;
			children = (
				9B4B7020302A7C92008101B9 /* Permission */,
			);
			path = Common;
			sourceTree = "<group>";
		};
		9B4B7024302A7C92008101B9 /* Persistance */ = {
			isa = PBXGroup;
			children = (
				9B4B7022302A7C92008101B9 /* DefaultKeys.swift */,
				9B4B7023302A7C92008101B9 /* DefaultsManager.swift */,
			);
			path = Persistance;
			sourceTree = "<group>";
		};
		9B4B7026302A7C92008101B9 /* Views */ = {
			isa = PBXGroup;
			children = (
				9B4B7025302A7C92008101B9 /* SettingsView.swift */,
			);
			path = Views;
			sourceTree = "<group>";
		};
		9B4B7027302A7C92008101B9 /* Settings */ = {
			isa = PBXGroup;
			children = (
				9B4B7026302A7C92008101B9 /* Views */,
			);
			path = Settings;
			sourceTree = "<group>";
		};
		9B4B702D302A7C92008101B9 /* Models */ = {
			isa = PBXGroup;
			children = (
				9B4B7028302A7C92008101B9 /* DisplayIdentity.swift */,
				9B4B7029302A7C92008101B9 /* DisplayImageStackModel.swift */,
				9B4B702A302A7C92008101B9 /* ImageStackPadding.swift */,
				9B4B702B302A7C92008101B9 /* ImageStackPlacement.swift */,
				9B4B702C302A7C92008101B9 /* UserImage.swift */,
			);
			path = Models;
			sourceTree = "<group>";
		};
		9B4B7033302A7C92008101B9 /* Views */ = {
			isa = PBXGroup;
			children = (
				9B4B7030302A7C92008101B9 /* ImageStackView.swift */,
				9B4B702F302A7C92008101B9 /* ImageContainer.swift */,
				9B4B7032302A7C92008101B9 /* UserImageView.swift */,
				9B4B7031302A7C92008101B9 /* OverflowSection.swift */,
				9B4B702E302A7C92008101B9 /* AppKitOverflowGallery.swift */,
			);
			path = Views;
			sourceTree = "<group>";
		};
		9B4B7036302A7C92008101B9 /* UserImages */ = {
			isa = PBXGroup;
			children = (
				9B4B702D302A7C92008101B9 /* Models */,
				9B4B7033302A7C92008101B9 /* Views */,
				9B4B7034302A7C92008101B9 /* DisplayImageStack.swift */,
				9B4B7035302A7C92008101B9 /* UserImageCoordinator.swift */,
			);
			path = UserImages;
			sourceTree = "<group>";
		};
		9B4B7037302A7C92008101B9 /* Features */ = {
			isa = PBXGroup;
			children = (
				9B4B701D302A7C92008101B9 /* CaptureArea */,
				9B4B7021302A7C92008101B9 /* Common */,
				9B4B7024302A7C92008101B9 /* Persistance */,
				9B4B7027302A7C92008101B9 /* Settings */,
				9B4B7036302A7C92008101B9 /* UserImages */,
				9B965D40302A879B003000F0 /* Updates */,
			);
			path = Features;
			sourceTree = "<group>";
		};
		9B4B703C302A7C92008101B9 /* Helpers */ = {
			isa = PBXGroup;
			children = (
				9B4B7038302A7C92008101B9 /* AlertMaker.swift */,
				9B4B7039302A7C92008101B9 /* CaptureInputInterceptor.swift */,
				9B4B703A302A7C92008101B9 /* CursorHostingView.swift */,
				9B4B703B302A7C92008101B9 /* ScreenHelpers.swift */,
			);
			path = Helpers;
			sourceTree = "<group>";
		};
		9B4B703E302A7C92008101B9 /* ComfyShot */ = {
			isa = PBXGroup;
			children = (
				9B965CE6302A85EA003000F0 /* Info.plist */,
				9B4B6FFC302A7C92008101B9 /* App */,
				9B4B7002302A7C92008101B9 /* Coordinators */,
				9B4B700C302A7C92008101B9 /* Extensions */,
				9B4B7037302A7C92008101B9 /* Features */,
				9B4B703C302A7C92008101B9 /* Helpers */,
				9B4B703D302A7C92008101B9 /* Assets.xcassets */,
			);
			path = ComfyShot;
			sourceTree = "<group>";
		};
		9B965D40302A879B003000F0 /* Updates */ = {
			isa = PBXGroup;
			children = (
				9B965D45302A87B6003000F0 /* UpdateController.swift */,
				9B965D43302A87AD003000F0 /* UpdateUserDriver.swift */,
				9B965D41302A87A0003000F0 /* UpdaterViewModel.swift */,
			);
			path = Updates;
			sourceTree = "<group>";
		};
/* End PBXGroup section */

/* Begin PBXNativeTarget section */
		000000000000000100000000 /* ComfyShot */ = {
			isa = PBXNativeTarget;
			buildConfigurationList = 000000000000000110000000 /* Build configuration list for PBXNativeTarget "ComfyShot" */;
			buildPhases = (
				000000000000000120000000 /* Sources */,
				000000000000000130000000 /* Frameworks */,
				000000000000000140000000 /* Resources */,
			);
			buildRules = (
			);
			name = ComfyShot;
			packageProductDependencies = (
				9BD9DA382FF463950057344F /* SnapCore */,
				9BD9DA6C2FF46E210057344F /* KeyboardShortcuts */,
				9BD9DAC12FF4E8FC0057344F /* Defaults */,
				9B965CE4302A8544003000F0 /* Sparkle */,
			);
			productName = MyApp;
			productReference = 000000000000000000000120 /* ComfyShot.app */;
			productType = "com.apple.product-type.application";
		};
/* End PBXNativeTarget section */

/* Begin PBXProject section */
		000000000000000000000000 /* Project object */ = {
			isa = PBXProject;
			attributes = {
				BuildIndependentTargetsInParallel = 1;
				LastSwiftUpdateCheck = 2630;
				LastUpgradeCheck = 2700;
				TargetAttributes = {
					000000000000000100000000 = {
						CreatedOnToolsVersion = 26.3;
					};
				};
			};
			buildConfigurationList = 000000000000000010000000 /* Build configuration list for PBXProject "ComfyShot" */;
			developmentRegion = en;
			hasScannedForEncodings = 0;
			knownRegions = (
				en,
				Base,
			);
			mainGroup = 000000000000000000000001;
			minimizedProjectReferenceProxies = 1;
			packageReferences = (
				9BD9DA372FF463950057344F /* XCLocalSwiftPackageReference "../SnapCore" */,
				9BD9DA6B2FF46E210057344F /* XCRemoteSwiftPackageReference "KeyboardShortcuts" */,
				9BD9DAC02FF4E8FC0057344F /* XCRemoteSwiftPackageReference "Defaults" */,
				9B965CE3302A8544003000F0 /* XCRemoteSwiftPackageReference "Sparkle" */,
			);
			preferredProjectObjectVersion = 90;
			productRefGroup = 000000000000000000000020 /* Products */;
			projectDirPath = "";
			projectRoot = "";
			targets = (
				000000000000000100000000 /* ComfyShot */,
			);
		};
/* End PBXProject section */

/* Begin PBXResourcesBuildPhase section */
		000000000000000140000000 /* Resources */ = {
			isa = PBXResourcesBuildPhase;
			files = (
				9B4B703F302A7C92008101B9 /* Assets.xcassets in Resources */,
				9BF12645302ABA1800449787 /* ComfyShot.icon in Resources */,
			);
		};
/* End PBXResourcesBuildPhase section */

/* Begin PBXSourcesBuildPhase section */
		000000000000000120000000 /* Sources */ = {
			isa = PBXSourcesBuildPhase;
			files = (
				9B4B7040302A7C92008101B9 /* AppCoordinator.swift in Sources */,
				9B4B7041302A7C92008101B9 /* AppDelegate.swift in Sources */,
				9B4B7042302A7C92008101B9 /* ComfyShotApp.swift in Sources */,
				9B4B7043302A7C92008101B9 /* HotKeyCoordinator.swift in Sources */,
				9B4B7044302A7C92008101B9 /* MenuBarCoordinator.swift in Sources */,
				9B4B7045302A7C92008101B9 /* PermissionCoordinator.swift in Sources */,
				9B965D42302A87A0003000F0 /* UpdaterViewModel.swift in Sources */,
				9B4B7046302A7C92008101B9 /* SettingsCoordinator.swift in Sources */,
				9B4B7047302A7C92008101B9 /* WindowCoordinator.swift in Sources */,
				9B4B7048302A7C92008101B9 /* Bundle.swift in Sources */,
				9B4B7049302A7C92008101B9 /* Color+opposite.swift in Sources */,
				9B4B704A302A7C92008101B9 /* FocusablePanel.swift in Sources */,
				9B4B704B302A7C92008101B9 /* NSColor+toSIMD.swift in Sources */,
				9B4B704C302A7C92008101B9 /* NSRect+axPosition.swift in Sources */,
				9B4B704D302A7C92008101B9 /* NSScreen+displayID.swift in Sources */,
				9B4B704E302A7C92008101B9 /* ProcessInfo+isSwiftUIPreview.swift in Sources */,
				9B4B704F302A7C92008101B9 /* View+destroyViewWindow.swift in Sources */,
				9B4B7050302A7C92008101B9 /* View+if.swift in Sources */,
				9B4B7051302A7C92008101B9 /* CaptureAreaModel.swift in Sources */,
				9B4B7052302A7C92008101B9 /* CaptureResizeEdge.swift in Sources */,
				9B4B7053302A7C92008101B9 /* OverlayContext.swift in Sources */,
				9B4B7054302A7C92008101B9 /* ScrollingCaptureFailure.swift in Sources */,
				9B4B7055302A7C92008101B9 /* ScrollingCaptureModels.swift in Sources */,
				9B4B7056302A7C92008101B9 /* AXUIElement+ScrollingCapture.swift in Sources */,
				9B4B7057302A7C92008101B9 /* ScrollingCaptureDiscoverer.swift in Sources */,
				9B965D44302A87AD003000F0 /* UpdateUserDriver.swift in Sources */,
				9B4B7058302A7C92008101B9 /* ScrollingCaptureService.swift in Sources */,
				9B4B7059302A7C92008101B9 /* ScrollingCaptureStitcher.swift in Sources */,
				9B4B705A302A7C92008101B9 /* SelectionOverlay.swift in Sources */,
				9B4B705B302A7C92008101B9 /* SelectionRect.swift in Sources */,
				9B4B705C302A7C92008101B9 /* AppleScreenshotInputBridge.swift in Sources */,
				9B4B705D302A7C92008101B9 /* CaptureAreaCoordinator.swift in Sources */,
				9B965D46302A87B6003000F0 /* UpdateController.swift in Sources */,
				9B4B705E302A7C92008101B9 /* PermissionService.swift in Sources */,
				9B4B705F302A7C92008101B9 /* PermissionView.swift in Sources */,
				9B4B7060302A7C92008101B9 /* DefaultKeys.swift in Sources */,
				9B4B7061302A7C92008101B9 /* DefaultsManager.swift in Sources */,
				9B4B7062302A7C92008101B9 /* SettingsView.swift in Sources */,
				9B4B7063302A7C92008101B9 /* DisplayIdentity.swift in Sources */,
				9B4B7064302A7C92008101B9 /* DisplayImageStackModel.swift in Sources */,
				9B4B7065302A7C92008101B9 /* ImageStackPadding.swift in Sources */,
				9B4B7066302A7C92008101B9 /* ImageStackPlacement.swift in Sources */,
				9B4B7067302A7C92008101B9 /* UserImage.swift in Sources */,
				9B4B7068302A7C92008101B9 /* AppKitOverflowGallery.swift in Sources */,
				9B4B7069302A7C92008101B9 /* ImageContainer.swift in Sources */,
				9B4B706A302A7C92008101B9 /* ImageStackView.swift in Sources */,
				9B4B706B302A7C92008101B9 /* OverflowSection.swift in Sources */,
				9B4B706C302A7C92008101B9 /* UserImageView.swift in Sources */,
				9B4B706D302A7C92008101B9 /* DisplayImageStack.swift in Sources */,
				9B4B706E302A7C92008101B9 /* UserImageCoordinator.swift in Sources */,
				9B4B706F302A7C92008101B9 /* AlertMaker.swift in Sources */,
				9B4B7070302A7C92008101B9 /* CaptureInputInterceptor.swift in Sources */,
				9B4B7071302A7C92008101B9 /* CursorHostingView.swift in Sources */,
				9B4B7072302A7C92008101B9 /* ScreenHelpers.swift in Sources */,
			);
		};
/* End PBXSourcesBuildPhase section */

/* Begin XCBuildConfiguration section */
		000000000000000011000000 /* Debug configuration for PBXProject "ComfyShot" */ = {
			isa = XCBuildConfiguration;
			buildSettings = {
				ALWAYS_SEARCH_USER_PATHS = NO;
				APPLETVOS_DEPLOYMENT_TARGET = 27.0;
				ASSETCATALOG_COMPILER_GENERATE_SWIFT_ASSET_SYMBOL_EXTENSIONS = YES;
				CLANG_ANALYZER_NONNULL = YES;
				CLANG_ANALYZER_NUMBER_OBJECT_CONVERSION = YES_AGGRESSIVE;
				CLANG_CXX_LANGUAGE_STANDARD = "gnu++20";
				CLANG_ENABLE_MODULES = YES;
				CLANG_ENABLE_OBJC_ARC = YES;
				CLANG_ENABLE_OBJC_WEAK = YES;
				CLANG_WARN_BLOCK_CAPTURE_AUTORELEASING = YES;
				CLANG_WARN_BOOL_CONVERSION = YES;
				CLANG_WARN_COMMA = YES;
				CLANG_WARN_CONSTANT_CONVERSION = YES;
				CLANG_WARN_DEPRECATED_OBJC_IMPLEMENTATIONS = YES;
				CLANG_WARN_DIRECT_OBJC_ISA_USAGE = YES_ERROR;
				CLANG_WARN_DOCUMENTATION_COMMENTS = YES;
				CLANG_WARN_EMPTY_BODY = YES;
				CLANG_WARN_ENUM_CONVERSION = YES;
				CLANG_WARN_INFINITE_RECURSION = YES;
				CLANG_WARN_INT_CONVERSION = YES;
				CLANG_WARN_NON_LITERAL_NULL_CONVERSION = YES;
				CLANG_WARN_OBJC_IMPLICIT_RETAIN_SELF = YES;
				CLANG_WARN_OBJC_LITERAL_CONVERSION = YES;
				CLANG_WARN_OBJC_ROOT_CLASS = YES_ERROR;
				CLANG_WARN_QUOTED_INCLUDE_IN_FRAMEWORK_HEADER = YES;
				CLANG_WARN_RANGE_LOOP_ANALYSIS = YES;
				CLANG_WARN_STRICT_PROTOTYPES = YES;
				CLANG_WARN_SUSPICIOUS_MOVE = YES;
				CLANG_WARN_UNGUARDED_AVAILABILITY = YES_AGGRESSIVE;
				CLANG_WARN_UNREACHABLE_CODE = YES;
				CLANG_WARN__DUPLICATE_METHOD_MATCH = YES;
				COPY_PHASE_STRIP = NO;
				DEAD_CODE_STRIPPING = YES;
				DEBUG_INFORMATION_FORMAT = dwarf;
				DRIVERKIT_DEPLOYMENT_TARGET = 27.0;
				ENABLE_STRICT_OBJC_MSGSEND = YES;
				ENABLE_TESTABILITY = YES;
				ENABLE_USER_SCRIPT_SANDBOXING = YES;
				GCC_C_LANGUAGE_STANDARD = gnu17;
				GCC_DYNAMIC_NO_PIC = NO;
				GCC_NO_COMMON_BLOCKS = YES;
				GCC_OPTIMIZATION_LEVEL = 0;
				GCC_PREPROCESSOR_DEFINITIONS = (
					"DEBUG=1",
					"$(inherited)",
				);
				GCC_WARN_64_TO_32_BIT_CONVERSION = YES;
				GCC_WARN_ABOUT_RETURN_TYPE = YES_ERROR;
				GCC_WARN_UNDECLARED_SELECTOR = YES;
				GCC_WARN_UNINITIALIZED_AUTOS = YES_AGGRESSIVE;
				GCC_WARN_UNUSED_FUNCTION = YES;
				GCC_WARN_UNUSED_VARIABLE = YES;
				IPHONEOS_DEPLOYMENT_TARGET = 27.0;
				LOCALIZATION_PREFERS_STRING_CATALOGS = YES;
				MACOSX_DEPLOYMENT_TARGET = 26.5;
				MTL_ENABLE_DEBUG_INFO = INCLUDE_SOURCE;
				MTL_FAST_MATH = YES;
				ONLY_ACTIVE_ARCH = YES;
				PROJECT_UNIQUE_VALUE = JBPGP8Y2;
				STRING_CATALOG_GENERATE_SYMBOLS = YES;
				SWIFT_ACTIVE_COMPILATION_CONDITIONS = "DEBUG $(inherited)";
				SWIFT_OPTIMIZATION_LEVEL = "-Onone";
				WATCHOS_DEPLOYMENT_TARGET = 27.0;
				XROS_DEPLOYMENT_TARGET = 27.0;
			};
			name = Debug;
		};
		000000000000000012000000 /* Release configuration for PBXProject "ComfyShot" */ = {
			isa = XCBuildConfiguration;
			buildSettings = {
				ALWAYS_SEARCH_USER_PATHS = NO;
				APPLETVOS_DEPLOYMENT_TARGET = 27.0;
				ASSETCATALOG_COMPILER_GENERATE_SWIFT_ASSET_SYMBOL_EXTENSIONS = YES;
				CLANG_ANALYZER_NONNULL = YES;
				CLANG_ANALYZER_NUMBER_OBJECT_CONVERSION = YES_AGGRESSIVE;
				CLANG_CXX_LANGUAGE_STANDARD = "gnu++20";
				CLANG_ENABLE_MODULES = YES;
				CLANG_ENABLE_OBJC_ARC = YES;
				CLANG_ENABLE_OBJC_WEAK = YES;
				CLANG_WARN_BLOCK_CAPTURE_AUTORELEASING = YES;
				CLANG_WARN_BOOL_CONVERSION = YES;
				CLANG_WARN_COMMA = YES;
				CLANG_WARN_CONSTANT_CONVERSION = YES;
				CLANG_WARN_DEPRECATED_OBJC_IMPLEMENTATIONS = YES;
				CLANG_WARN_DIRECT_OBJC_ISA_USAGE = YES_ERROR;
				CLANG_WARN_DOCUMENTATION_COMMENTS = YES;
				CLANG_WARN_EMPTY_BODY = YES;
				CLANG_WARN_ENUM_CONVERSION = YES;
				CLANG_WARN_INFINITE_RECURSION = YES;
				CLANG_WARN_INT_CONVERSION = YES;
				CLANG_WARN_NON_LITERAL_NULL_CONVERSION = YES;
				CLANG_WARN_OBJC_IMPLICIT_RETAIN_SELF = YES;
				CLANG_WARN_OBJC_LITERAL_CONVERSION = YES;
				CLANG_WARN_OBJC_ROOT_CLASS = YES_ERROR;
				CLANG_WARN_QUOTED_INCLUDE_IN_FRAMEWORK_HEADER = YES;
				CLANG_WARN_RANGE_LOOP_ANALYSIS = YES;
				CLANG_WARN_STRICT_PROTOTYPES = YES;
				CLANG_WARN_SUSPICIOUS_MOVE = YES;
				CLANG_WARN_UNGUARDED_AVAILABILITY = YES_AGGRESSIVE;
				CLANG_WARN_UNREACHABLE_CODE = YES;
				CLANG_WARN__DUPLICATE_METHOD_MATCH = YES;
				COPY_PHASE_STRIP = NO;
				DEAD_CODE_STRIPPING = YES;
				DEBUG_INFORMATION_FORMAT = "dwarf-with-dsym";
				DRIVERKIT_DEPLOYMENT_TARGET = 27.0;
				ENABLE_NS_ASSERTIONS = NO;
				ENABLE_STRICT_OBJC_MSGSEND = YES;
				ENABLE_USER_SCRIPT_SANDBOXING = YES;
				GCC_C_LANGUAGE_STANDARD = gnu17;
				GCC_NO_COMMON_BLOCKS = YES;
				GCC_WARN_64_TO_32_BIT_CONVERSION = YES;
				GCC_WARN_ABOUT_RETURN_TYPE = YES_ERROR;
				GCC_WARN_UNDECLARED_SELECTOR = YES;
				GCC_WARN_UNINITIALIZED_AUTOS = YES_AGGRESSIVE;
				GCC_WARN_UNUSED_FUNCTION = YES;
				GCC_WARN_UNUSED_VARIABLE = YES;
				IPHONEOS_DEPLOYMENT_TARGET = 27.0;
				LOCALIZATION_PREFERS_STRING_CATALOGS = YES;
				MACOSX_DEPLOYMENT_TARGET = 26.5;
				MTL_ENABLE_DEBUG_INFO = NO;
				MTL_FAST_MATH = YES;
				PROJECT_UNIQUE_VALUE = JBPGP8Y2;
				STRING_CATALOG_GENERATE_SYMBOLS = YES;
				SWIFT_COMPILATION_MODE = wholemodule;
				WATCHOS_DEPLOYMENT_TARGET = 27.0;
				XROS_DEPLOYMENT_TARGET = 27.0;
			};
			name = Release;
		};
		000000000000000111000000 /* Debug configuration for PBXNativeTarget "ComfyShot" */ = {
			isa = XCBuildConfiguration;
			buildSettings = {
				ASSETCATALOG_COMPILER_APPICON_NAME = ComfyShot;
				AUTOMATION_APPLE_EVENTS = NO;
				CODE_SIGN_STYLE = Automatic;
				CURRENT_PROJECT_VERSION = 2;
				DEVELOPMENT_TEAM = B9P888266K;
				ENABLE_APP_SANDBOX = NO;
				ENABLE_HARDENED_RUNTIME = YES;
				ENABLE_PREVIEWS = YES;
				ENABLE_RESOURCE_ACCESS_AUDIO_INPUT = NO;
				ENABLE_RESOURCE_ACCESS_CALENDARS = NO;
				ENABLE_RESOURCE_ACCESS_CAMERA = NO;
				ENABLE_RESOURCE_ACCESS_CONTACTS = NO;
				ENABLE_RESOURCE_ACCESS_LOCATION = NO;
				ENABLE_RESOURCE_ACCESS_PHOTO_LIBRARY = NO;
				GENERATE_INFOPLIST_FILE = YES;
				INFOPLIST_FILE = ComfyShot/Info.plist;
				"INFOPLIST_KEY_UIApplicationSceneManifest_Generation[sdk=iphoneos*]" = YES;
				"INFOPLIST_KEY_UIApplicationSceneManifest_Generation[sdk=iphonesimulator*]" = YES;
				"INFOPLIST_KEY_UIApplicationSupportsIndirectInputEvents[sdk=iphoneos*]" = YES;
				"INFOPLIST_KEY_UIApplicationSupportsIndirectInputEvents[sdk=iphonesimulator*]" = YES;
				"INFOPLIST_KEY_UILaunchScreen_Generation[sdk=iphoneos*]" = YES;
				"INFOPLIST_KEY_UILaunchScreen_Generation[sdk=iphonesimulator*]" = YES;
				"INFOPLIST_KEY_UIStatusBarStyle[sdk=iphoneos*]" = UIStatusBarStyleDefault;
				"INFOPLIST_KEY_UIStatusBarStyle[sdk=iphonesimulator*]" = UIStatusBarStyleDefault;
				INFOPLIST_KEY_UISupportedInterfaceOrientations_iPad = "UIInterfaceOrientationPortrait UIInterfaceOrientationPortraitUpsideDown UIInterfaceOrientationLandscapeLeft UIInterfaceOrientationLandscapeRight";
				INFOPLIST_KEY_UISupportedInterfaceOrientations_iPhone = "UIInterfaceOrientationPortrait UIInterfaceOrientationLandscapeLeft UIInterfaceOrientationLandscapeRight";
				LD_RUNPATH_SEARCH_PATHS = "@executable_path/Frameworks";
				"LD_RUNPATH_SEARCH_PATHS[sdk=macosx*]" = "@executable_path/../Frameworks";
				MACOSX_DEPLOYMENT_TARGET = 26;
				MARKETING_VERSION = 0.0.2;
				PRODUCT_BUNDLE_IDENTIFIER = "devplaceholder.$(PROJECT_UNIQUE_VALUE:identifier).$(PRODUCT_NAME:identifier)";
				"PRODUCT_BUNDLE_IDENTIFIER[sdk=macosx*]" = com.aryanrogye.ComfyShot;
				PRODUCT_NAME = "$(TARGET_NAME)";
				REGISTER_APP_GROUPS = YES;
				RUNTIME_EXCEPTION_ALLOW_DYLD_ENVIRONMENT_VARIABLES = NO;
				RUNTIME_EXCEPTION_ALLOW_JIT = NO;
				RUNTIME_EXCEPTION_ALLOW_UNSIGNED_EXECUTABLE_MEMORY = NO;
				RUNTIME_EXCEPTION_DEBUGGING_TOOL = NO;
				RUNTIME_EXCEPTION_DISABLE_EXECUTABLE_PAGE_PROTECTION = NO;
				RUNTIME_EXCEPTION_DISABLE_LIBRARY_VALIDATION = NO;
				SDKROOT = auto;
				STRING_CATALOG_GENERATE_SYMBOLS = YES;
				SUPPORTED_PLATFORMS = "iphoneos iphonesimulator macosx xros xrsimulator";
				SWIFT_APPROACHABLE_CONCURRENCY = YES;
				SWIFT_DEFAULT_ACTOR_ISOLATION = MainActor;
				SWIFT_EMIT_LOC_STRINGS = YES;
				SWIFT_UPCOMING_FEATURE_MEMBER_IMPORT_VISIBILITY = YES;
				SWIFT_VERSION = 5.0;
				TARGETED_DEVICE_FAMILY = "1,2,7";
			};
			name = Debug;
		};
		000000000000000112000000 /* Release configuration for PBXNativeTarget "ComfyShot" */ = {
			isa = XCBuildConfiguration;
			buildSettings = {
				ASSETCATALOG_COMPILER_APPICON_NAME = ComfyShot;
				AUTOMATION_APPLE_EVENTS = NO;
				CODE_SIGN_STYLE = Automatic;
				CURRENT_PROJECT_VERSION = 2;
				DEVELOPMENT_TEAM = B9P888266K;
				ENABLE_APP_SANDBOX = NO;
				ENABLE_HARDENED_RUNTIME = YES;
				ENABLE_PREVIEWS = YES;
				ENABLE_RESOURCE_ACCESS_AUDIO_INPUT = NO;
				ENABLE_RESOURCE_ACCESS_CALENDARS = NO;
				ENABLE_RESOURCE_ACCESS_CAMERA = NO;
				ENABLE_RESOURCE_ACCESS_CONTACTS = NO;
				ENABLE_RESOURCE_ACCESS_LOCATION = NO;
				ENABLE_RESOURCE_ACCESS_PHOTO_LIBRARY = NO;
				GENERATE_INFOPLIST_FILE = YES;
				INFOPLIST_FILE = ComfyShot/Info.plist;
				"INFOPLIST_KEY_UIApplicationSceneManifest_Generation[sdk=iphoneos*]" = YES;
				"INFOPLIST_KEY_UIApplicationSceneManifest_Generation[sdk=iphonesimulator*]" = YES;
				"INFOPLIST_KEY_UIApplicationSupportsIndirectInputEvents[sdk=iphoneos*]" = YES;
				"INFOPLIST_KEY_UIApplicationSupportsIndirectInputEvents[sdk=iphonesimulator*]" = YES;
				"INFOPLIST_KEY_UILaunchScreen_Generation[sdk=iphoneos*]" = YES;
				"INFOPLIST_KEY_UILaunchScreen_Generation[sdk=iphonesimulator*]" = YES;
				"INFOPLIST_KEY_UIStatusBarStyle[sdk=iphoneos*]" = UIStatusBarStyleDefault;
				"INFOPLIST_KEY_UIStatusBarStyle[sdk=iphonesimulator*]" = UIStatusBarStyleDefault;
				INFOPLIST_KEY_UISupportedInterfaceOrientations_iPad = "UIInterfaceOrientationPortrait UIInterfaceOrientationPortraitUpsideDown UIInterfaceOrientationLandscapeLeft UIInterfaceOrientationLandscapeRight";
				INFOPLIST_KEY_UISupportedInterfaceOrientations_iPhone = "UIInterfaceOrientationPortrait UIInterfaceOrientationLandscapeLeft UIInterfaceOrientationLandscapeRight";
				LD_RUNPATH_SEARCH_PATHS = "@executable_path/Frameworks";
				"LD_RUNPATH_SEARCH_PATHS[sdk=macosx*]" = "@executable_path/../Frameworks";
				MACOSX_DEPLOYMENT_TARGET = 26;
				MARKETING_VERSION = 0.0.2;
				PRODUCT_BUNDLE_IDENTIFIER = "devplaceholder.$(PROJECT_UNIQUE_VALUE:identifier).$(PRODUCT_NAME:identifier)";
				"PRODUCT_BUNDLE_IDENTIFIER[sdk=macosx*]" = com.aryanrogye.ComfyShot;
				PRODUCT_NAME = "$(TARGET_NAME)";
				REGISTER_APP_GROUPS = YES;
				RUNTIME_EXCEPTION_ALLOW_DYLD_ENVIRONMENT_VARIABLES = NO;
				RUNTIME_EXCEPTION_ALLOW_JIT = NO;
				RUNTIME_EXCEPTION_ALLOW_UNSIGNED_EXECUTABLE_MEMORY = NO;
				RUNTIME_EXCEPTION_DEBUGGING_TOOL = NO;
				RUNTIME_EXCEPTION_DISABLE_EXECUTABLE_PAGE_PROTECTION = NO;
				RUNTIME_EXCEPTION_DISABLE_LIBRARY_VALIDATION = NO;
				SDKROOT = auto;
				STRING_CATALOG_GENERATE_SYMBOLS = YES;
				SUPPORTED_PLATFORMS = "iphoneos iphonesimulator macosx xros xrsimulator";
				SWIFT_APPROACHABLE_CONCURRENCY = YES;
				SWIFT_DEFAULT_ACTOR_ISOLATION = MainActor;
				SWIFT_EMIT_LOC_STRINGS = YES;
				SWIFT_UPCOMING_FEATURE_MEMBER_IMPORT_VISIBILITY = YES;
				SWIFT_VERSION = 5.0;
				TARGETED_DEVICE_FAMILY = "1,2,7";
			};
			name = Release;
		};
/* End XCBuildConfiguration section */

/* Begin XCConfigurationList section */
		000000000000000010000000 /* Build configuration list for PBXProject "ComfyShot" */ = {
			isa = XCConfigurationList;
			buildConfigurations = (
				000000000000000011000000 /* Debug configuration for PBXProject "ComfyShot" */,
				000000000000000012000000 /* Release configuration for PBXProject "ComfyShot" */,
			);
			defaultConfigurationName = Release;
		};
		000000000000000110000000 /* Build configuration list for PBXNativeTarget "ComfyShot" */ = {
			isa = XCConfigurationList;
			buildConfigurations = (
				000000000000000111000000 /* Debug configuration for PBXNativeTarget "ComfyShot" */,
				000000000000000112000000 /* Release configuration for PBXNativeTarget "ComfyShot" */,
			);
			defaultConfigurationName = Release;
		};
/* End XCConfigurationList section */

/* Begin XCLocalSwiftPackageReference section */
		9BD9DA372FF463950057344F /* XCLocalSwiftPackageReference "../SnapCore" */ = {
			isa = XCLocalSwiftPackageReference;
			relativePath = ../SnapCore;
		};
/* End XCLocalSwiftPackageReference section */

/* Begin XCRemoteSwiftPackageReference section */
		9B965CE3302A8544003000F0 /* XCRemoteSwiftPackageReference "Sparkle" */ = {
			isa = XCRemoteSwiftPackageReference;
			repositoryURL = "https://github.com/sparkle-project/Sparkle";
			requirement = {
				kind = exactVersion;
				version = 2.9.4;
			};
		};
		9BD9DA6B2FF46E210057344F /* XCRemoteSwiftPackageReference "KeyboardShortcuts" */ = {
			isa = XCRemoteSwiftPackageReference;
			repositoryURL = "https://github.com/sindresorhus/KeyboardShortcuts";
			requirement = {
				kind = upToNextMajorVersion;
				minimumVersion = 3.0.1;
			};
		};
		9BD9DAC02FF4E8FC0057344F /* XCRemoteSwiftPackageReference "Defaults" */ = {
			isa = XCRemoteSwiftPackageReference;
			repositoryURL = "https://github.com/sindresorhus/Defaults.git";
			requirement = {
				kind = upToNextMajorVersion;
				minimumVersion = 9.0.9;
			};
		};
/* End XCRemoteSwiftPackageReference section */

/* Begin XCSwiftPackageProductDependency section */
		9B965CE4302A8544003000F0 /* Sparkle */ = {
			isa = XCSwiftPackageProductDependency;
			package = 9B965CE3302A8544003000F0 /* XCRemoteSwiftPackageReference "Sparkle" */;
			productName = Sparkle;
		};
		9BD9DA382FF463950057344F /* SnapCore */ = {
			isa = XCSwiftPackageProductDependency;
			productName = SnapCore;
		};
		9BD9DA6C2FF46E210057344F /* KeyboardShortcuts */ = {
			isa = XCSwiftPackageProductDependency;
			package = 9BD9DA6B2FF46E210057344F /* XCRemoteSwiftPackageReference "KeyboardShortcuts" */;
			productName = KeyboardShortcuts;
		};
		9BD9DAC12FF4E8FC0057344F /* Defaults */ = {
			isa = XCSwiftPackageProductDependency;
			package = 9BD9DAC02FF4E8FC0057344F /* XCRemoteSwiftPackageReference "Defaults" */;
			productName = Defaults;
		};
/* End XCSwiftPackageProductDependency section */
	};
	rootObject = 000000000000000000000000 /* Project object */;
}
